{
  "name": "topogram-proof-content-approval-brownfield-v3",
  "lockfileVersion": 3,
  "requires": true,
  "packages": {
    "": {
      "name": "topogram-proof-content-approval-brownfield-v3",
      "devDependencies": {
        "@topogram/cli": "0.3.99"
      }
    },
    "node_modules/@topogram/cli": {
      "version": "0.3.99",
      "resolved": "https://registry.npmjs.org/@topogram/cli/-/cli-0.3.99.tgz",
      "integrity": "sha512-jaLUC0jBEYZal244UwxkSLnYOajePi57CFQesRkMRRurzxmIkhIm/dAFkluOUg0b8rRjP8p0mAHjVC0dIVU/aw==",
      "dev": true,
      "license": "Apache-2.0",
      "bin": {
        "topogram": "src/cli.js"
      },
      "engines": {
        "node": ">=20"
      }
    }
  }
}
